
Microsoft Visual Studio Solution File, Format Version 12.00
# Visual Studio 15
VisualStudioVersion = 15.0.28010.2003
MinimumVisualStudioVersion = 10.0.40219.1
Project("{FAE04EC0-301F-11D3-BF4B-00C04F79EFBC}") = "ProjectCRUD", "ProjectCRUD\ProjectCRUD.csproj", "{495356BD-1C3E-422D-9C54-04ABE2563E9E}"
EndProject
Project("{FAE04EC0-301F-11D3-BF4B-00C04F79EFBC}") = "ProjectCRUD.Business.Logic", "ProjectCRUD.Business.Logic\ProjectCRUD.Business.Logic.csproj", "{6C31CD8B-46E6-4D06-B02A-0FD69DE89A5C}"
EndProject
Global
	GlobalSection(SolutionConfigurationPlatforms) = preSolution
		Debug|Any CPU = Debug|Any CPU
		Release|Any CPU = Release|Any CPU
	EndGlobalSection
	GlobalSection(ProjectConfigurationPlatforms) = postSolution
		{495356BD-1C3E-422D-9C54-04ABE2563E9E}.Debug|Any CPU.ActiveCfg = Debug|Any CPU
		{495356BD-1C3E-422D-9C54-04ABE2563E9E}.Debug|Any CPU.Build.0 = Debug|Any CPU
		{495356BD-1C3E-422D-9C54-04ABE2563E9E}.Release|Any CPU.ActiveCfg = Release|Any CPU
		{495356BD-1C3E-422D-9C54-04ABE2563E9E}.Release|Any CPU.Build.0 = Release|Any CPU
		{6C31CD8B-46E6-4D06-B02A-0FD69DE89A5C}.Debug|Any CPU.ActiveCfg = Debug|Any CPU
		{6C31CD8B-46E6-4D06-B02A-0FD69DE89A5C}.Debug|Any CPU.Build.0 = Debug|Any CPU
		{6C31CD8B-46E6-4D06-B02A-0FD69DE89A5C}.Release|Any CPU.ActiveCfg = Release|Any CPU
		{6C31CD8B-46E6-4D06-B02A-0FD69DE89A5C}.Release|Any CPU.Build.0 = Release|Any CPU
	EndGlobalSection
	GlobalSection(SolutionProperties) = preSolution
		HideSolutionNode = FALSE
	EndGlobalSection
	GlobalSection(ExtensibilityGlobals) = postSolution
		SolutionGuid = {9FE489B0-1A3F-41C9-A880-75392FF525D3}
	EndGlobalSection
EndGlobal
